{
  "version": 4,
  "terraform_version": "1.4.6",
  "serial": 87,
  "lineage": "d30cd6a9-5889-22f3-13fd-4052fe54fc48",
  "outputs": {
    "ec2_global_ips": {
      "value": [
        "52.69.248.53"
      ],
      "type": [
        "tuple",
        [
          "string"
        ]
      ]
    }
  },
  "resources": [
    {
      "mode": "data",
      "type": "aws_ami",
      "name": "amzlinux2",
      "provider": "provider[\"registry.terraform.io/hashicorp/aws\"]",
      "instances": [
        {
          "schema_version": 0,
          "attributes": {
            "architecture": "x86_64",
            "arn": "arn:aws:ec2:ap-northeast-1::image/ami-00bf64aaeb8d382c9",
            "block_device_mappings": [
              {
                "device_name": "/dev/xvda",
                "ebs": {
                  "delete_on_termination": "true",
                  "encrypted": "false",
                  "iops": "0",
                  "snapshot_id": "snap-0385655bde22c170f",
                  "throughput": "0",
                  "volume_size": "8",
                  "volume_type": "gp2"
                },
                "no_device": "",
                "virtual_name": ""
              }
            ],
            "boot_mode": "",
            "creation_date": "2023-12-18T18:54:05.000Z",
            "deprecation_time": "2025-07-01T00:00:00.000Z",
            "description": "Amazon Linux 2 AMI 2.0.20231218.0 x86_64 HVM gp2",
            "ena_support": true,
            "executable_users": null,
            "filter": [
              {
                "name": "name",
                "values": [
                  "amzn2-ami-hvm-*-x86_64-gp2"
                ]
              }
            ],
            "hypervisor": "xen",
            "id": "ami-00bf64aaeb8d382c9",
            "image_id": "ami-00bf64aaeb8d382c9",
            "image_location": "amazon/amzn2-ami-hvm-2.0.20231218.0-x86_64-gp2",
            "image_owner_alias": "amazon",
            "image_type": "machine",
            "imds_support": "",
            "include_deprecated": false,
            "kernel_id": "",
            "most_recent": true,
            "name": "amzn2-ami-hvm-2.0.20231218.0-x86_64-gp2",
            "name_regex": null,
            "owner_id": "137112412989",
            "owners": [
              "amazon"
            ],
            "platform": "",
            "platform_details": "Linux/UNIX",
            "product_codes": [],
            "public": true,
            "ramdisk_id": "",
            "root_device_name": "/dev/xvda",
            "root_device_type": "ebs",
            "root_snapshot_id": "snap-0385655bde22c170f",
            "sriov_net_support": "simple",
            "state": "available",
            "state_reason": {
              "code": "UNSET",
              "message": "UNSET"
            },
            "tags": {},
            "timeouts": null,
            "tpm_support": "",
            "usage_operation": "RunInstances",
            "virtualization_type": "hvm"
          },
          "sensitive_attributes": []
        }
      ]
    },
    {
      "mode": "managed",
      "type": "aws_instance",
      "name": "shell_practice",
      "provider": "provider[\"registry.terraform.io/hashicorp/aws\"]",
      "instances": [
        {
          "schema_version": 1,
          "attributes": {
            "ami": "ami-00bf64aaeb8d382c9",
            "arn": "arn:aws:ec2:ap-northeast-1:786832920677:instance/i-041e831e3ff7c4929",
            "associate_public_ip_address": true,
            "availability_zone": "ap-northeast-1a",
            "capacity_reservation_specification": [
              {
                "capacity_reservation_preference": "open",
                "capacity_reservation_target": []
              }
            ],
            "cpu_core_count": 1,
            "cpu_options": [
              {
                "amd_sev_snp": "",
                "core_count": 1,
                "threads_per_core": 2
              }
            ],
            "cpu_threads_per_core": 2,
            "credit_specification": [
              {
                "cpu_credits": "unlimited"
              }
            ],
            "disable_api_stop": false,
            "disable_api_termination": false,
            "ebs_block_device": [],
            "ebs_optimized": false,
            "enclave_options": [
              {
                "enabled": false
              }
            ],
            "ephemeral_block_device": [],
            "get_password_data": false,
            "hibernation": false,
            "host_id": "",
            "host_resource_group_arn": null,
            "iam_instance_profile": "",
            "id": "i-041e831e3ff7c4929",
            "instance_initiated_shutdown_behavior": "stop",
            "instance_lifecycle": "",
            "instance_market_options": [],
            "instance_state": "running",
            "instance_type": "t3.micro",
            "ipv6_address_count": 0,
            "ipv6_addresses": [],
            "key_name": "shell-keypair",
            "launch_template": [],
            "maintenance_options": [
              {
                "auto_recovery": "default"
              }
            ],
            "metadata_options": [
              {
                "http_endpoint": "enabled",
                "http_protocol_ipv6": "disabled",
                "http_put_response_hop_limit": 1,
                "http_tokens": "optional",
                "instance_metadata_tags": "disabled"
              }
            ],
            "monitoring": false,
            "network_interface": [],
            "outpost_arn": "",
            "password_data": "",
            "placement_group": "",
            "placement_partition_number": 0,
            "primary_network_interface_id": "eni-0dd90c7f6f26f2fc0",
            "private_dns": "ip-10-0-1-14.ap-northeast-1.compute.internal",
            "private_dns_name_options": [
              {
                "enable_resource_name_dns_a_record": false,
                "enable_resource_name_dns_aaaa_record": false,
                "hostname_type": "ip-name"
              }
            ],
            "private_ip": "10.0.1.14",
            "public_dns": "ec2-52-69-248-53.ap-northeast-1.compute.amazonaws.com",
            "public_ip": "52.69.248.53",
            "root_block_device": [
              {
                "delete_on_termination": true,
                "device_name": "/dev/xvda",
                "encrypted": false,
                "iops": 100,
                "kms_key_id": "",
                "tags": {},
                "throughput": 0,
                "volume_id": "vol-03eb73558e492339e",
                "volume_size": 8,
                "volume_type": "gp2"
              }
            ],
            "secondary_private_ips": [],
            "security_groups": [],
            "source_dest_check": true,
            "spot_instance_request_id": "",
            "subnet_id": "subnet-0019f87c892c3b6ec",
            "tags": {
              "Name": "shell_practice"
            },
            "tags_all": {
              "Name": "shell_practice"
            },
            "tenancy": "default",
            "timeouts": null,
            "user_data": null,
            "user_data_base64": null,
            "user_data_replace_on_change": false,
            "volume_tags": null,
            "vpc_security_group_ids": [
              "sg-0249a1ca285234a94"
            ]
          },
          "sensitive_attributes": [],
          "private": "eyJlMmJmYjczMC1lY2FhLTExZTYtOGY4OC0zNDM2M2JjN2M0YzAiOnsiY3JlYXRlIjo2MDAwMDAwMDAwMDAsImRlbGV0ZSI6MTIwMDAwMDAwMDAwMCwidXBkYXRlIjo2MDAwMDAwMDAwMDB9LCJzY2hlbWFfdmVyc2lvbiI6IjEifQ==",
          "dependencies": [
            "aws_security_group.shell_practice_sg",
            "aws_subnet.shell_practice_public_subnet_1a",
            "data.aws_ami.amzlinux2"
          ]
        }
      ]
    },
    {
      "mode": "managed",
      "type": "aws_internet_gateway",
      "name": "shell_practice_igw",
      "provider": "provider[\"registry.terraform.io/hashicorp/aws\"]",
      "instances": [
        {
          "schema_version": 0,
          "attributes": {
            "arn": "arn:aws:ec2:ap-northeast-1:786832920677:internet-gateway/igw-00fbc4580749ea6e8",
            "id": "igw-00fbc4580749ea6e8",
            "owner_id": "786832920677",
            "tags": {
              "Name": "shell_practice"
            },
            "tags_all": {
              "Name": "shell_practice"
            },
            "timeouts": null,
            "vpc_id": "vpc-032acd17d34758147"
          },
          "sensitive_attributes": [],
          "private": "eyJlMmJmYjczMC1lY2FhLTExZTYtOGY4OC0zNDM2M2JjN2M0YzAiOnsiY3JlYXRlIjoxMjAwMDAwMDAwMDAwLCJkZWxldGUiOjEyMDAwMDAwMDAwMDAsInVwZGF0ZSI6MTIwMDAwMDAwMDAwMH19",
          "dependencies": [
            "aws_vpc.shell_practice_vpc"
          ]
        }
      ]
    },
    {
      "mode": "managed",
      "type": "aws_key_pair",
      "name": "shell_practice_keypair",
      "provider": "provider[\"registry.terraform.io/hashicorp/aws\"]",
      "instances": [
        {
          "schema_version": 1,
          "attributes": {
            "arn": "arn:aws:ec2:ap-northeast-1:786832920677:key-pair/shell-keypair",
            "fingerprint": "9f:d3:25:23:3a:bc:d8:7f:1c:eb:7c:da:7f:3e:de:41",
            "id": "shell-keypair",
            "key_name": "shell-keypair",
            "key_name_prefix": "",
            "key_pair_id": "key-0126d2451e95183e0",
            "key_type": "rsa",
            "public_key": "ssh-rsa AAAAB3NzaC1yc2EAAAADAQABAAABAQCkjGbhOem/G8+FLazG/lUyuQKN3y+XA+B1exX1CceHzhcm2F6dUWWzIPsQAsiGS1deM/0hft3O1vtv9lL+/4j44dQfwlkpjsxn9tH8o+MPraBa4YlnFAfIiJctZc6l4cJP2lB4b+sADf2yLEC3VeVSu9TgJs2QLtmLqYu56jH3TBbtM3o5ndzMYrOL3ayCCMmjgy0Glu3Mcj7NCbpHIjWLDDEjdbc9vSL65P+Sr4h71hgO+VVUrZ8bFk4Y0lW4eLICbLjqxBHPXkkU6xRTmEMUsvTQ96E79FTRbeAADPyvF0luG5W7qqwH3rytXpPgPWO6pLoAEXbSv8nfGNmxWO9h",
            "tags": {},
            "tags_all": {}
          },
          "sensitive_attributes": [],
          "private": "eyJzY2hlbWFfdmVyc2lvbiI6IjEifQ==",
          "dependencies": [
            "tls_private_key.shell_practice_private_key"
          ]
        }
      ]
    },
    {
      "mode": "managed",
      "type": "aws_route",
      "name": "shell_practice_rt_public",
      "provider": "provider[\"registry.terraform.io/hashicorp/aws\"]",
      "instances": [
        {
          "schema_version": 0,
          "attributes": {
            "carrier_gateway_id": "",
            "core_network_arn": "",
            "destination_cidr_block": "0.0.0.0/0",
            "destination_ipv6_cidr_block": "",
            "destination_prefix_list_id": "",
            "egress_only_gateway_id": "",
            "gateway_id": "igw-00fbc4580749ea6e8",
            "id": "r-rtb-0864949fb5539c77a1080289494",
            "instance_id": "",
            "instance_owner_id": "",
            "local_gateway_id": "",
            "nat_gateway_id": "",
            "network_interface_id": "",
            "origin": "CreateRoute",
            "route_table_id": "rtb-0864949fb5539c77a",
            "state": "active",
            "timeouts": null,
            "transit_gateway_id": "",
            "vpc_endpoint_id": "",
            "vpc_peering_connection_id": ""
          },
          "sensitive_attributes": [],
          "private": "eyJlMmJmYjczMC1lY2FhLTExZTYtOGY4OC0zNDM2M2JjN2M0YzAiOnsiY3JlYXRlIjozMDAwMDAwMDAwMDAsImRlbGV0ZSI6MzAwMDAwMDAwMDAwLCJ1cGRhdGUiOjEyMDAwMDAwMDAwMH19",
          "dependencies": [
            "aws_internet_gateway.shell_practice_igw",
            "aws_route_table.shell_practice_rt",
            "aws_vpc.shell_practice_vpc"
          ]
        }
      ]
    },
    {
      "mode": "managed",
      "type": "aws_route_table",
      "name": "shell_practice_rt",
      "provider": "provider[\"registry.terraform.io/hashicorp/aws\"]",
      "instances": [
        {
          "schema_version": 0,
          "attributes": {
            "arn": "arn:aws:ec2:ap-northeast-1:786832920677:route-table/rtb-0864949fb5539c77a",
            "id": "rtb-0864949fb5539c77a",
            "owner_id": "786832920677",
            "propagating_vgws": [],
            "route": [
              {
                "carrier_gateway_id": "",
                "cidr_block": "0.0.0.0/0",
                "core_network_arn": "",
                "destination_prefix_list_id": "",
                "egress_only_gateway_id": "",
                "gateway_id": "igw-00fbc4580749ea6e8",
                "ipv6_cidr_block": "",
                "local_gateway_id": "",
                "nat_gateway_id": "",
                "network_interface_id": "",
                "transit_gateway_id": "",
                "vpc_endpoint_id": "",
                "vpc_peering_connection_id": ""
              }
            ],
            "tags": {
              "Name": "shell_practice"
            },
            "tags_all": {
              "Name": "shell_practice"
            },
            "timeouts": null,
            "vpc_id": "vpc-032acd17d34758147"
          },
          "sensitive_attributes": [],
          "private": "eyJlMmJmYjczMC1lY2FhLTExZTYtOGY4OC0zNDM2M2JjN2M0YzAiOnsiY3JlYXRlIjozMDAwMDAwMDAwMDAsImRlbGV0ZSI6MzAwMDAwMDAwMDAwLCJ1cGRhdGUiOjEyMDAwMDAwMDAwMH19",
          "dependencies": [
            "aws_vpc.shell_practice_vpc"
          ]
        }
      ]
    },
    {
      "mode": "managed",
      "type": "aws_route_table_association",
      "name": "shell_practice_rt_associate",
      "provider": "provider[\"registry.terraform.io/hashicorp/aws\"]",
      "instances": [
        {
          "schema_version": 0,
          "attributes": {
            "gateway_id": "",
            "id": "rtbassoc-07be6ea9ff4479ed4",
            "route_table_id": "rtb-0864949fb5539c77a",
            "subnet_id": "subnet-0019f87c892c3b6ec",
            "timeouts": null
          },
          "sensitive_attributes": [],
          "private": "eyJlMmJmYjczMC1lY2FhLTExZTYtOGY4OC0zNDM2M2JjN2M0YzAiOnsiY3JlYXRlIjozMDAwMDAwMDAwMDAsImRlbGV0ZSI6MzAwMDAwMDAwMDAwLCJ1cGRhdGUiOjEyMDAwMDAwMDAwMH19",
          "dependencies": [
            "aws_route_table.shell_practice_rt",
            "aws_subnet.shell_practice_public_subnet_1a",
            "aws_vpc.shell_practice_vpc"
          ]
        }
      ]
    },
    {
      "mode": "managed",
      "type": "aws_secretsmanager_secret",
      "name": "shell_practice_secret",
      "provider": "provider[\"registry.terraform.io/hashicorp/aws\"]",
      "instances": [
        {
          "schema_version": 0,
          "attributes": {
            "arn": "arn:aws:secretsmanager:ap-northeast-1:786832920677:secret:shell-keypair-SzCusm",
            "description": "",
            "force_overwrite_replica_secret": false,
            "id": "arn:aws:secretsmanager:ap-northeast-1:786832920677:secret:shell-keypair-SzCusm",
            "kms_key_id": "",
            "name": "shell-keypair",
            "name_prefix": "",
            "policy": "",
            "recovery_window_in_days": 30,
            "replica": [],
            "tags": {},
            "tags_all": {}
          },
          "sensitive_attributes": [],
          "private": "bnVsbA=="
        }
      ]
    },
    {
      "mode": "managed",
      "type": "aws_secretsmanager_secret_version",
      "name": "shell_practice_secret",
      "provider": "provider[\"registry.terraform.io/hashicorp/aws\"]",
      "instances": [
        {
          "schema_version": 0,
          "attributes": {
            "arn": "arn:aws:secretsmanager:ap-northeast-1:786832920677:secret:shell-keypair-SzCusm",
            "id": "arn:aws:secretsmanager:ap-northeast-1:786832920677:secret:shell-keypair-SzCusm|201C0D9D-FC9A-4080-BB74-9832EA7E267E",
            "secret_binary": "",
            "secret_id": "arn:aws:secretsmanager:ap-northeast-1:786832920677:secret:shell-keypair-SzCusm",
            "secret_string": "-----BEGIN RSA PRIVATE KEY-----\nMIIEowIBAAKCAQEApIxm4TnpvxvPhS2sxv5VMrkCjd8vlwPgdXsV9QnHh84XJthe\nnVFlsyD7EALIhktXXjP9IX7dztb7b/ZS/v+I+OHUH8JZKY7MZ/bR/KPjD62gWuGJ\nZxQHyIiXLWXOpeHCT9pQeG/rAA39sixAt1XlUrvU4CbNkC7Zi6mLueox90wW7TN6\nOZ3czGKzi92sggjJo4MtBpbtzHI+zQm6RyI1iwwxI3W3Pb0i+uT/kq+Ie9YYDvlV\nVK2fGxZOGNJVuHiyAmy46sQRz15JFOsUU5hDFLL00PehO/RU0W3gAAz8rxdJbhuV\nu6qsB968rV6T4D1juqS6ABF20r/J3xjZsVjvYQIDAQABAoIBAHaDcS3Sqlosy6Be\nL0z7rZ1kx0QrdXlNH4M97aiZLI7Rjrc5q5ufHqKPpIP5nTesV/bPdweC+nqZOGuB\nfHGQ1rR64m8laVaXNP3ENaXC3C1UnmQWgQIu2RRD3K6j3tx2557f3ImCAj391bVY\nThw9z3dxNXdkOzYXqDQBH1P+K5KyoM+ubZTYoxYQ/Rks22KpjlJtDZTPjeqactdI\nogsXHKBqraBwObb93liPNfxiKVvLz8yGz3OWwLC3ZvneAFC4ogQaOrj+2vWdUfv8\njtSHF43w4NRDWCyruZiNobapjAFAuiCMgWQ+zb+G4U9rOcW5hHY8nINLIvfEsHc9\nQin/rGECgYEAwkCCo6lM3QGC1uekMLwXV25jj4HlXFEG+APIT9+h5usXQADetCgm\njiet75hY/1XGFhA64XldNCfrsW1PbFhldFoD+3iVVAjYyMhgbIE9PATGVh463VRj\nxbeK6T04VO69hylc313CeOcrhG6NntXjE/AnBjP+2IZ+s/VNKTKF+z0CgYEA2Nq6\nxGNaurRCEHTryI0GGrRy7lnUuvXNwmks+QLjl1tEO7aIbAiFE/BPI8llRHGrrN2z\nYL37lPaSaJj1LEPKuYQG6A6nHx0nqnyaCwL45PQhxuFQPRkU7y6scgkcxfpFBdPb\nWUjfpv5a5h8Ciw9jv2AZDIl2lTbKNkq8nYctVvUCgYEAqB8PMjioBqt1IyyOxYM1\nLH2k+6Jv8StLvcIAT2j9Bg+4KrPWC9SoMeaTusd/V1ZUP+pCG71fdnGKoyA5WktT\nW5VA1xexHm8duQD7u01LwzNauVQmnEKaq5fESUOsCo4qSN36vHO4ic2Bs3e/aJYz\nl6EFFXBRA/O7m2MWKi7JGP0CgYBUlcTB86shJkyalLCfknpuEjK+S+XRYy12BoZX\nPsw9bokH7aP617vo0hRcdiL89oWrMPLV6mTmbuMez4LaWDsL77at74E6fqnJMz72\nypsA20UNiTc+Dbl/rinvdSR3CK7BnihyBB3Qymf0WOYqDb+vlzFOFZRekXeAg9hc\nbay+vQKBgDCAtRnBWHCGdYkEHGX+9fdNB+lPBfV9wUJeZ5bzRG0bl94XI/vk79cw\nRSJfrKjKJA/MUCMb4e/rGW8x7oIkO1xhOHHxaREDeEiPdIUpaG5NCGm3b4C73hov\nEpKpwTH7OSvUvf9YStbbR6NwF5QKvQ+Z0kJfTN1lonOkT17zIcDo\n-----END RSA PRIVATE KEY-----\n",
            "version_id": "201C0D9D-FC9A-4080-BB74-9832EA7E267E",
            "version_stages": [
              "AWSCURRENT"
            ]
          },
          "sensitive_attributes": [
            [
              {
                "type": "get_attr",
                "value": "secret_string"
              }
            ]
          ],
          "private": "bnVsbA==",
          "dependencies": [
            "aws_secretsmanager_secret.shell_practice_secret",
            "tls_private_key.shell_practice_private_key"
          ]
        }
      ]
    },
    {
      "mode": "managed",
      "type": "aws_security_group",
      "name": "shell_practice_sg",
      "provider": "provider[\"registry.terraform.io/hashicorp/aws\"]",
      "instances": [
        {
          "schema_version": 1,
          "attributes": {
            "arn": "arn:aws:ec2:ap-northeast-1:786832920677:security-group/sg-0249a1ca285234a94",
            "description": "Managed by Terraform",
            "egress": [
              {
                "cidr_blocks": [
                  "0.0.0.0/0"
                ],
                "description": "",
                "from_port": 0,
                "ipv6_cidr_blocks": [],
                "prefix_list_ids": [],
                "protocol": "-1",
                "security_groups": [],
                "self": false,
                "to_port": 0
              }
            ],
            "id": "sg-0249a1ca285234a94",
            "ingress": [
              {
                "cidr_blocks": [
                  "0.0.0.0/0"
                ],
                "description": "",
                "from_port": 22,
                "ipv6_cidr_blocks": [],
                "prefix_list_ids": [],
                "protocol": "tcp",
                "security_groups": [],
                "self": false,
                "to_port": 22
              }
            ],
            "name": "shell_practice",
            "name_prefix": "",
            "owner_id": "786832920677",
            "revoke_rules_on_delete": false,
            "tags": {},
            "tags_all": {},
            "timeouts": null,
            "vpc_id": "vpc-032acd17d34758147"
          },
          "sensitive_attributes": [],
          "private": "eyJlMmJmYjczMC1lY2FhLTExZTYtOGY4OC0zNDM2M2JjN2M0YzAiOnsiY3JlYXRlIjo2MDAwMDAwMDAwMDAsImRlbGV0ZSI6OTAwMDAwMDAwMDAwfSwic2NoZW1hX3ZlcnNpb24iOiIxIn0=",
          "dependencies": [
            "aws_vpc.shell_practice_vpc"
          ]
        }
      ]
    },
    {
      "mode": "managed",
      "type": "aws_security_group_rule",
      "name": "shell_practice_egress",
      "provider": "provider[\"registry.terraform.io/hashicorp/aws\"]",
      "instances": [
        {
          "schema_version": 2,
          "attributes": {
            "cidr_blocks": [
              "0.0.0.0/0"
            ],
            "description": "",
            "from_port": 0,
            "id": "sgrule-2120559935",
            "ipv6_cidr_blocks": null,
            "prefix_list_ids": null,
            "protocol": "-1",
            "security_group_id": "sg-0249a1ca285234a94",
            "security_group_rule_id": "sgr-0a40db03ad109297d",
            "self": false,
            "source_security_group_id": null,
            "timeouts": null,
            "to_port": 0,
            "type": "egress"
          },
          "sensitive_attributes": [],
          "private": "eyJlMmJmYjczMC1lY2FhLTExZTYtOGY4OC0zNDM2M2JjN2M0YzAiOnsiY3JlYXRlIjozMDAwMDAwMDAwMDB9LCJzY2hlbWFfdmVyc2lvbiI6IjIifQ==",
          "dependencies": [
            "aws_security_group.shell_practice_sg",
            "aws_vpc.shell_practice_vpc"
          ]
        }
      ]
    },
    {
      "mode": "managed",
      "type": "aws_security_group_rule",
      "name": "shell_practice_ingress",
      "provider": "provider[\"registry.terraform.io/hashicorp/aws\"]",
      "instances": [
        {
          "schema_version": 2,
          "attributes": {
            "cidr_blocks": [
              "0.0.0.0/0"
            ],
            "description": "",
            "from_port": 22,
            "id": "sgrule-2702557252",
            "ipv6_cidr_blocks": null,
            "prefix_list_ids": null,
            "protocol": "tcp",
            "security_group_id": "sg-0249a1ca285234a94",
            "security_group_rule_id": "sgr-0702f14df44addbff",
            "self": false,
            "source_security_group_id": null,
            "timeouts": null,
            "to_port": 22,
            "type": "ingress"
          },
          "sensitive_attributes": [],
          "private": "eyJlMmJmYjczMC1lY2FhLTExZTYtOGY4OC0zNDM2M2JjN2M0YzAiOnsiY3JlYXRlIjozMDAwMDAwMDAwMDB9LCJzY2hlbWFfdmVyc2lvbiI6IjIifQ==",
          "dependencies": [
            "aws_security_group.shell_practice_sg",
            "aws_vpc.shell_practice_vpc"
          ]
        }
      ]
    },
    {
      "mode": "managed",
      "type": "aws_subnet",
      "name": "shell_practice_public_subnet_1a",
      "provider": "provider[\"registry.terraform.io/hashicorp/aws\"]",
      "instances": [
        {
          "schema_version": 1,
          "attributes": {
            "arn": "arn:aws:ec2:ap-northeast-1:786832920677:subnet/subnet-0019f87c892c3b6ec",
            "assign_ipv6_address_on_creation": false,
            "availability_zone": "ap-northeast-1a",
            "availability_zone_id": "apne1-az4",
            "cidr_block": "10.0.1.0/24",
            "customer_owned_ipv4_pool": "",
            "enable_dns64": false,
            "enable_lni_at_device_index": 0,
            "enable_resource_name_dns_a_record_on_launch": false,
            "enable_resource_name_dns_aaaa_record_on_launch": false,
            "id": "subnet-0019f87c892c3b6ec",
            "ipv6_cidr_block": "",
            "ipv6_cidr_block_association_id": "",
            "ipv6_native": false,
            "map_customer_owned_ip_on_launch": false,
            "map_public_ip_on_launch": false,
            "outpost_arn": "",
            "owner_id": "786832920677",
            "private_dns_hostname_type_on_launch": "ip-name",
            "tags": {
              "Name": "shell_practice"
            },
            "tags_all": {
              "Name": "shell_practice"
            },
            "timeouts": null,
            "vpc_id": "vpc-032acd17d34758147"
          },
          "sensitive_attributes": [],
          "private": "eyJlMmJmYjczMC1lY2FhLTExZTYtOGY4OC0zNDM2M2JjN2M0YzAiOnsiY3JlYXRlIjo2MDAwMDAwMDAwMDAsImRlbGV0ZSI6MTIwMDAwMDAwMDAwMH0sInNjaGVtYV92ZXJzaW9uIjoiMSJ9",
          "dependencies": [
            "aws_vpc.shell_practice_vpc"
          ]
        }
      ]
    },
    {
      "mode": "managed",
      "type": "aws_vpc",
      "name": "shell_practice_vpc",
      "provider": "provider[\"registry.terraform.io/hashicorp/aws\"]",
      "instances": [
        {
          "schema_version": 1,
          "attributes": {
            "arn": "arn:aws:ec2:ap-northeast-1:786832920677:vpc/vpc-032acd17d34758147",
            "assign_generated_ipv6_cidr_block": false,
            "cidr_block": "10.0.0.0/16",
            "default_network_acl_id": "acl-09790a812fd2087b2",
            "default_route_table_id": "rtb-024439a8f8671ef06",
            "default_security_group_id": "sg-0dd7968f8cc66f58c",
            "dhcp_options_id": "dopt-0c8d216440db1937c",
            "enable_dns_hostnames": true,
            "enable_dns_support": true,
            "enable_network_address_usage_metrics": false,
            "id": "vpc-032acd17d34758147",
            "instance_tenancy": "default",
            "ipv4_ipam_pool_id": null,
            "ipv4_netmask_length": null,
            "ipv6_association_id": "",
            "ipv6_cidr_block": "",
            "ipv6_cidr_block_network_border_group": "",
            "ipv6_ipam_pool_id": "",
            "ipv6_netmask_length": 0,
            "main_route_table_id": "rtb-024439a8f8671ef06",
            "owner_id": "786832920677",
            "tags": {
              "Name": "shell_practice"
            },
            "tags_all": {
              "Name": "shell_practice"
            }
          },
          "sensitive_attributes": [],
          "private": "eyJzY2hlbWFfdmVyc2lvbiI6IjEifQ=="
        }
      ]
    },
    {
      "mode": "managed",
      "type": "tls_private_key",
      "name": "shell_practice_private_key",
      "provider": "provider[\"registry.terraform.io/hashicorp/tls\"]",
      "instances": [
        {
          "schema_version": 1,
          "attributes": {
            "algorithm": "RSA",
            "ecdsa_curve": "P224",
            "id": "e3c3d821dc1780dadea34537ede1bdb9b60cbb9d",
            "private_key_openssh": "-----BEGIN OPENSSH PRIVATE KEY-----\nb3BlbnNzaC1rZXktdjEAAAAABG5vbmUAAAAEbm9uZQAAAAAAAAABAAABFwAAAAdz\nc2gtcnNhAAAAAwEAAQAAAQEApIxm4TnpvxvPhS2sxv5VMrkCjd8vlwPgdXsV9QnH\nh84XJthenVFlsyD7EALIhktXXjP9IX7dztb7b/ZS/v+I+OHUH8JZKY7MZ/bR/KPj\nD62gWuGJZxQHyIiXLWXOpeHCT9pQeG/rAA39sixAt1XlUrvU4CbNkC7Zi6mLueox\n90wW7TN6OZ3czGKzi92sggjJo4MtBpbtzHI+zQm6RyI1iwwxI3W3Pb0i+uT/kq+I\ne9YYDvlVVK2fGxZOGNJVuHiyAmy46sQRz15JFOsUU5hDFLL00PehO/RU0W3gAAz8\nrxdJbhuVu6qsB968rV6T4D1juqS6ABF20r/J3xjZsVjvYQAAA7hBV2f/QVdn/wAA\nAAdzc2gtcnNhAAABAQCkjGbhOem/G8+FLazG/lUyuQKN3y+XA+B1exX1CceHzhcm\n2F6dUWWzIPsQAsiGS1deM/0hft3O1vtv9lL+/4j44dQfwlkpjsxn9tH8o+MPraBa\n4YlnFAfIiJctZc6l4cJP2lB4b+sADf2yLEC3VeVSu9TgJs2QLtmLqYu56jH3TBbt\nM3o5ndzMYrOL3ayCCMmjgy0Glu3Mcj7NCbpHIjWLDDEjdbc9vSL65P+Sr4h71hgO\n+VVUrZ8bFk4Y0lW4eLICbLjqxBHPXkkU6xRTmEMUsvTQ96E79FTRbeAADPyvF0lu\nG5W7qqwH3rytXpPgPWO6pLoAEXbSv8nfGNmxWO9hAAAAAwEAAQAAAQB2g3Et0qpa\nLMugXi9M+62dZMdEK3V5TR+DPe2omSyO0Y63Oaubnx6ij6SD+Z03rFf2z3cHgvp6\nmThrgXxxkNa0euJvJWlWlzT9xDWlwtwtVJ5kFoECLtkUQ9yuo97cduee39yJggI9\n/dW1WE4cPc93cTV3ZDs2F6g0AR9T/iuSsqDPrm2U2KMWEP0ZLNtiqY5SbQ2Uz43q\nmnLXSKILFxygaq2gcDm2/d5YjzX8Yilby8/Mhs9zlsCwt2b53gBQuKIEGjq4/tr1\nnVH7/I7UhxeN8ODUQ1gsq7mYjaG2qYwBQLogjIFkPs2/huFPaznFuYR2PJyDSyL3\nxLB3PUIp/6xhAAAAgDCAtRnBWHCGdYkEHGX+9fdNB+lPBfV9wUJeZ5bzRG0bl94X\nI/vk79cwRSJfrKjKJA/MUCMb4e/rGW8x7oIkO1xhOHHxaREDeEiPdIUpaG5NCGm3\nb4C73hovEpKpwTH7OSvUvf9YStbbR6NwF5QKvQ+Z0kJfTN1lonOkT17zIcDoAAAA\ngQDCQIKjqUzdAYLW56QwvBdXbmOPgeVcUQb4A8hP36Hm6xdAAN60KCaOJ63vmFj/\nVcYWEDrheV00J+uxbU9sWGV0WgP7eJVUCNjIyGBsgT08BMZWHjrdVGPFt4rpPThU\n7r2HKVzfXcJ45yuEbo2e1eMT8CcGM/7Yhn6z9U0pMoX7PQAAAIEA2Nq6xGNaurRC\nEHTryI0GGrRy7lnUuvXNwmks+QLjl1tEO7aIbAiFE/BPI8llRHGrrN2zYL37lPaS\naJj1LEPKuYQG6A6nHx0nqnyaCwL45PQhxuFQPRkU7y6scgkcxfpFBdPbWUjfpv5a\n5h8Ciw9jv2AZDIl2lTbKNkq8nYctVvUAAAAAAQID\n-----END OPENSSH PRIVATE KEY-----\n",
            "private_key_pem": "-----BEGIN RSA PRIVATE KEY-----\nMIIEowIBAAKCAQEApIxm4TnpvxvPhS2sxv5VMrkCjd8vlwPgdXsV9QnHh84XJthe\nnVFlsyD7EALIhktXXjP9IX7dztb7b/ZS/v+I+OHUH8JZKY7MZ/bR/KPjD62gWuGJ\nZxQHyIiXLWXOpeHCT9pQeG/rAA39sixAt1XlUrvU4CbNkC7Zi6mLueox90wW7TN6\nOZ3czGKzi92sggjJo4MtBpbtzHI+zQm6RyI1iwwxI3W3Pb0i+uT/kq+Ie9YYDvlV\nVK2fGxZOGNJVuHiyAmy46sQRz15JFOsUU5hDFLL00PehO/RU0W3gAAz8rxdJbhuV\nu6qsB968rV6T4D1juqS6ABF20r/J3xjZsVjvYQIDAQABAoIBAHaDcS3Sqlosy6Be\nL0z7rZ1kx0QrdXlNH4M97aiZLI7Rjrc5q5ufHqKPpIP5nTesV/bPdweC+nqZOGuB\nfHGQ1rR64m8laVaXNP3ENaXC3C1UnmQWgQIu2RRD3K6j3tx2557f3ImCAj391bVY\nThw9z3dxNXdkOzYXqDQBH1P+K5KyoM+ubZTYoxYQ/Rks22KpjlJtDZTPjeqactdI\nogsXHKBqraBwObb93liPNfxiKVvLz8yGz3OWwLC3ZvneAFC4ogQaOrj+2vWdUfv8\njtSHF43w4NRDWCyruZiNobapjAFAuiCMgWQ+zb+G4U9rOcW5hHY8nINLIvfEsHc9\nQin/rGECgYEAwkCCo6lM3QGC1uekMLwXV25jj4HlXFEG+APIT9+h5usXQADetCgm\njiet75hY/1XGFhA64XldNCfrsW1PbFhldFoD+3iVVAjYyMhgbIE9PATGVh463VRj\nxbeK6T04VO69hylc313CeOcrhG6NntXjE/AnBjP+2IZ+s/VNKTKF+z0CgYEA2Nq6\nxGNaurRCEHTryI0GGrRy7lnUuvXNwmks+QLjl1tEO7aIbAiFE/BPI8llRHGrrN2z\nYL37lPaSaJj1LEPKuYQG6A6nHx0nqnyaCwL45PQhxuFQPRkU7y6scgkcxfpFBdPb\nWUjfpv5a5h8Ciw9jv2AZDIl2lTbKNkq8nYctVvUCgYEAqB8PMjioBqt1IyyOxYM1\nLH2k+6Jv8StLvcIAT2j9Bg+4KrPWC9SoMeaTusd/V1ZUP+pCG71fdnGKoyA5WktT\nW5VA1xexHm8duQD7u01LwzNauVQmnEKaq5fESUOsCo4qSN36vHO4ic2Bs3e/aJYz\nl6EFFXBRA/O7m2MWKi7JGP0CgYBUlcTB86shJkyalLCfknpuEjK+S+XRYy12BoZX\nPsw9bokH7aP617vo0hRcdiL89oWrMPLV6mTmbuMez4LaWDsL77at74E6fqnJMz72\nypsA20UNiTc+Dbl/rinvdSR3CK7BnihyBB3Qymf0WOYqDb+vlzFOFZRekXeAg9hc\nbay+vQKBgDCAtRnBWHCGdYkEHGX+9fdNB+lPBfV9wUJeZ5bzRG0bl94XI/vk79cw\nRSJfrKjKJA/MUCMb4e/rGW8x7oIkO1xhOHHxaREDeEiPdIUpaG5NCGm3b4C73hov\nEpKpwTH7OSvUvf9YStbbR6NwF5QKvQ+Z0kJfTN1lonOkT17zIcDo\n-----END RSA PRIVATE KEY-----\n",
            "private_key_pem_pkcs8": "-----BEGIN PRIVATE KEY-----\nMIIEvQIBADANBgkqhkiG9w0BAQEFAASCBKcwggSjAgEAAoIBAQCkjGbhOem/G8+F\nLazG/lUyuQKN3y+XA+B1exX1CceHzhcm2F6dUWWzIPsQAsiGS1deM/0hft3O1vtv\n9lL+/4j44dQfwlkpjsxn9tH8o+MPraBa4YlnFAfIiJctZc6l4cJP2lB4b+sADf2y\nLEC3VeVSu9TgJs2QLtmLqYu56jH3TBbtM3o5ndzMYrOL3ayCCMmjgy0Glu3Mcj7N\nCbpHIjWLDDEjdbc9vSL65P+Sr4h71hgO+VVUrZ8bFk4Y0lW4eLICbLjqxBHPXkkU\n6xRTmEMUsvTQ96E79FTRbeAADPyvF0luG5W7qqwH3rytXpPgPWO6pLoAEXbSv8nf\nGNmxWO9hAgMBAAECggEAdoNxLdKqWizLoF4vTPutnWTHRCt1eU0fgz3tqJksjtGO\ntzmrm58eoo+kg/mdN6xX9s93B4L6epk4a4F8cZDWtHribyVpVpc0/cQ1pcLcLVSe\nZBaBAi7ZFEPcrqPe3Hbnnt/ciYICPf3VtVhOHD3Pd3E1d2Q7NheoNAEfU/4rkrKg\nz65tlNijFhD9GSzbYqmOUm0NlM+N6ppy10iiCxccoGqtoHA5tv3eWI81/GIpW8vP\nzIbPc5bAsLdm+d4AULiiBBo6uP7a9Z1R+/yO1IcXjfDg1ENYLKu5mI2htqmMAUC6\nIIyBZD7Nv4bhT2s5xbmEdjycg0si98Swdz1CKf+sYQKBgQDCQIKjqUzdAYLW56Qw\nvBdXbmOPgeVcUQb4A8hP36Hm6xdAAN60KCaOJ63vmFj/VcYWEDrheV00J+uxbU9s\nWGV0WgP7eJVUCNjIyGBsgT08BMZWHjrdVGPFt4rpPThU7r2HKVzfXcJ45yuEbo2e\n1eMT8CcGM/7Yhn6z9U0pMoX7PQKBgQDY2rrEY1q6tEIQdOvIjQYatHLuWdS69c3C\naSz5AuOXW0Q7tohsCIUT8E8jyWVEcaus3bNgvfuU9pJomPUsQ8q5hAboDqcfHSeq\nfJoLAvjk9CHG4VA9GRTvLqxyCRzF+kUF09tZSN+m/lrmHwKLD2O/YBkMiXaVNso2\nSrydhy1W9QKBgQCoHw8yOKgGq3UjLI7FgzUsfaT7om/xK0u9wgBPaP0GD7gqs9YL\n1Kgx5pO6x39XVlQ/6kIbvV92cYqjIDlaS1NblUDXF7Eebx25APu7TUvDM1q5VCac\nQpqrl8RJQ6wKjipI3fq8c7iJzYGzd79oljOXoQUVcFED87ubYxYqLskY/QKBgFSV\nxMHzqyEmTJqUsJ+Sem4SMr5L5dFjLXYGhlc+zD1uiQfto/rXu+jSFFx2Ivz2hasw\n8tXqZOZu4x7PgtpYOwvvtq3vgTp+qckzPvbKmwDbRQ2JNz4NuX+uKe91JHcIrsGe\nKHIEHdDKZ/RY5ioNv6+XMU4VlF6Rd4CD2FxtrL69AoGAMIC1GcFYcIZ1iQQcZf71\n900H6U8F9X3BQl5nlvNEbRuX3hcj++Tv1zBFIl+sqMokD8xQIxvh7+sZbzHugiQ7\nXGE4cfFpEQN4SI90hSlobk0IabdvgLveGi8SkqnBMfs5K9S9/1hK1ttHo3AXlAq9\nD5nSQl9M3WWic6RPXvMhwOg=\n-----END PRIVATE KEY-----\n",
            "public_key_fingerprint_md5": "8d:48:0b:e8:93:d5:a3:dd:0a:76:e5:cb:46:83:f6:2e",
            "public_key_fingerprint_sha256": "SHA256:nfntFeg1EjF8GTJmud1MTjK4nOcVx7hlbbq9AuSThSE",
            "public_key_openssh": "ssh-rsa AAAAB3NzaC1yc2EAAAADAQABAAABAQCkjGbhOem/G8+FLazG/lUyuQKN3y+XA+B1exX1CceHzhcm2F6dUWWzIPsQAsiGS1deM/0hft3O1vtv9lL+/4j44dQfwlkpjsxn9tH8o+MPraBa4YlnFAfIiJctZc6l4cJP2lB4b+sADf2yLEC3VeVSu9TgJs2QLtmLqYu56jH3TBbtM3o5ndzMYrOL3ayCCMmjgy0Glu3Mcj7NCbpHIjWLDDEjdbc9vSL65P+Sr4h71hgO+VVUrZ8bFk4Y0lW4eLICbLjqxBHPXkkU6xRTmEMUsvTQ96E79FTRbeAADPyvF0luG5W7qqwH3rytXpPgPWO6pLoAEXbSv8nfGNmxWO9h\n",
            "public_key_pem": "-----BEGIN PUBLIC KEY-----\nMIIBIjANBgkqhkiG9w0BAQEFAAOCAQ8AMIIBCgKCAQEApIxm4TnpvxvPhS2sxv5V\nMrkCjd8vlwPgdXsV9QnHh84XJthenVFlsyD7EALIhktXXjP9IX7dztb7b/ZS/v+I\n+OHUH8JZKY7MZ/bR/KPjD62gWuGJZxQHyIiXLWXOpeHCT9pQeG/rAA39sixAt1Xl\nUrvU4CbNkC7Zi6mLueox90wW7TN6OZ3czGKzi92sggjJo4MtBpbtzHI+zQm6RyI1\niwwxI3W3Pb0i+uT/kq+Ie9YYDvlVVK2fGxZOGNJVuHiyAmy46sQRz15JFOsUU5hD\nFLL00PehO/RU0W3gAAz8rxdJbhuVu6qsB968rV6T4D1juqS6ABF20r/J3xjZsVjv\nYQIDAQAB\n-----END PUBLIC KEY-----\n",
            "rsa_bits": 2048
          },
          "sensitive_attributes": []
        }
      ]
    }
  ],
  "check_results": null
}
